{
    "_readme": [
        "This file locks the dependencies of your project to a known state",
        "Read more about it at https://getcomposer.org/doc/01-basic-usage.md#installing-dependencies",
        "This file is @generated automatically"
    ],
    "content-hash": "4cfe0df05bcb6560d0a7ca203d3ab481",
    "packages": [
        {
            "name": "drupal/ctools",
            "version": "1.15.0",
            "source": {
                "type": "git",
                "url": "https://git.drupalcode.org/project/ctools.git",
                "reference": "7.x-1.15"
            },
            "dist": {
                "type": "zip",
                "url": "https://ftp.drupal.org/files/projects/ctools-7.x-1.15.zip",
                "reference": "7.x-1.15",
                "shasum": "d55e992f3c68dc663505b3e68a0418fee17cf960"
            },
            "require": {
                "drupal/drupal": "~7.0"
            },
            "require-dev": {
                "drupal/advanced_help": "*",
                "drupal/page_manager": "*",
                "drupal/panels": "*",
                "drupal/views": "*"
            },
            "type": "drupal-module",
            "extra": {
                "branch-alias": {
                    "dev-1.x": "1.x-dev"
                },
                "drupal": {
                    "version": "7.x-1.15",
                    "datestamp": "1549603684",
                    "security-coverage": {
                        "status": "covered",
                        "message": "Covered by Drupal's security advisory policy"
                    }
                }
            },
            "notification-url": "https://packages.drupal.org/7/downloads",
            "license": [
                "GPL-2.0-or-later"
            ],
            "authors": [
                {
                    "name": "EclipseGc",
                    "homepage": "https://www.drupal.org/user/61203"
                },
                {
                    "name": "damiankloip",
                    "homepage": "https://www.drupal.org/user/1037976"
                },
                {
                    "name": "dawehner",
                    "homepage": "https://www.drupal.org/user/99340"
                },
                {
                    "name": "esmerel",
                    "homepage": "https://www.drupal.org/user/164022"
                },
                {
                    "name": "japerry",
                    "homepage": "https://www.drupal.org/user/45640"
                },
                {
                    "name": "joelpittet",
                    "homepage": "https://www.drupal.org/user/160302"
                },
                {
                    "name": "merlinofchaos",
                    "homepage": "https://www.drupal.org/user/26979"
                },
                {
                    "name": "neclimdul",
                    "homepage": "https://www.drupal.org/user/48673"
                },
                {
                    "name": "sdboyer",
                    "homepage": "https://www.drupal.org/user/146719"
                },
                {
                    "name": "sun",
                    "homepage": "https://www.drupal.org/user/54136"
                },
                {
                    "name": "tim.plunkett",
                    "homepage": "https://www.drupal.org/user/241634"
                }
            ],
            "description": "A library of helpful tools by Merlin of Chaos.",
            "homepage": "https://www.drupal.org/project/ctools",
            "support": {
                "source": "https://git.drupalcode.org/project/ctools"
            }
        },
        {
            "name": "drupal/drupal",
            "version": "7.69.0",
            "source": {
                "type": "git",
                "url": "https://git.drupalcode.org/project/drupal.git",
                "reference": "7.69"
            },
            "dist": {
                "type": "zip",
                "url": "https://ftp.drupal.org/files/projects/drupal-7.69.zip",
                "reference": "7.69",
                "shasum": "424bbf205fc6f8b28b348d42206b395fca26724f"
            },
            "type": "drupal-core",
            "extra": {
                "branch-alias": {
                    "dev-7.x": "7.x-dev"
                },
                "drupal": {
                    "version": "7.69",
                    "datestamp": "1576698943",
                    "security-coverage": {
                        "status": "covered",
                        "message": "Covered by Drupal's security advisory policy"
                    }
                }
            },
            "notification-url": "https://packages.drupal.org/7/downloads",
            "license": [
                "GPL-2.0-or-later"
            ],
            "authors": [
                {
                    "name": "Dries",
                    "homepage": "https://www.drupal.org/user/1"
                },
                {
                    "name": "Drupal",
                    "homepage": "https://www.drupal.org/user/3"
                },
                {
                    "name": "Fabianx",
                    "homepage": "https://www.drupal.org/user/693738"
                },
                {
                    "name": "Gábor Hojtsy",
                    "homepage": "https://www.drupal.org/user/4166"
                },
                {
                    "name": "alexpott",
                    "homepage": "https://www.drupal.org/user/157725"
                },
                {
                    "name": "catch",
                    "homepage": "https://www.drupal.org/user/35733"
                },
                {
                    "name": "cilefen",
                    "homepage": "https://www.drupal.org/user/1850070"
                },
                {
                    "name": "drumm",
                    "homepage": "https://www.drupal.org/user/3064"
                },
                {
                    "name": "effulgentsia",
                    "homepage": "https://www.drupal.org/user/78040"
                },
                {
                    "name": "larowlan",
                    "homepage": "https://www.drupal.org/user/395439"
                },
                {
                    "name": "lauriii",
                    "homepage": "https://www.drupal.org/user/1078742"
                },
                {
                    "name": "mcdruid",
                    "homepage": "https://www.drupal.org/user/255969"
                },
                {
                    "name": "plach",
                    "homepage": "https://www.drupal.org/user/183211"
                },
                {
                    "name": "webchick",
                    "homepage": "https://www.drupal.org/user/24967"
                },
                {
                    "name": "xjm",
                    "homepage": "https://www.drupal.org/user/65776"
                },
                {
                    "name": "yoroy",
                    "homepage": "https://www.drupal.org/user/41502"
                }
            ],
            "homepage": "https://www.drupal.org/project/drupal",
            "support": {
                "source": "https://git.drupalcode.org/project/drupal"
            }
        },
        {
            "name": "drupal/file_entity",
            "version": "2.27.0",
            "source": {
                "type": "git",
                "url": "https://git.drupalcode.org/project/file_entity.git",
                "reference": "7.x-2.27"
            },
            "dist": {
                "type": "zip",
                "url": "https://ftp.drupal.org/files/projects/file_entity-7.x-2.27.zip",
                "reference": "7.x-2.27",
                "shasum": "dde60381eb4ea39753852c60a892df6df16e0a69"
            },
            "require": {
                "drupal/ctools": "*",
                "drupal/drupal": "^7.33"
            },
            "require-dev": {
                "drupal/token": "*",
                "drupal/views": "*"
            },
            "type": "drupal-module",
            "extra": {
                "branch-alias": {
                    "dev-2.x": "2.x-dev"
                },
                "drupal": {
                    "version": "7.x-2.27",
                    "datestamp": "1574278085",
                    "security-coverage": {
                        "status": "covered",
                        "message": "Covered by Drupal's security advisory policy"
                    }
                }
            },
            "notification-url": "https://packages.drupal.org/7/downloads",
            "license": [
                "GPL-2.0-or-later"
            ],
            "authors": [
                {
                    "name": "Berdir",
                    "homepage": "https://www.drupal.org/user/214652"
                },
                {
                    "name": "DamienMcKenna",
                    "homepage": "https://www.drupal.org/user/108450"
                },
                {
                    "name": "Dave Reid",
                    "homepage": "https://www.drupal.org/user/53892"
                },
                {
                    "name": "Devin Carlson",
                    "homepage": "https://www.drupal.org/user/290182"
                },
                {
                    "name": "Drupal Media Team",
                    "homepage": "https://www.drupal.org/user/3260690"
                },
                {
                    "name": "Drupal media CI",
                    "homepage": "https://www.drupal.org/user/3057985"
                },
                {
                    "name": "JacobSingh",
                    "homepage": "https://www.drupal.org/user/68912"
                },
                {
                    "name": "JeffM2001",
                    "homepage": "https://www.drupal.org/user/262092"
                },
                {
                    "name": "ParisLiakos",
                    "homepage": "https://www.drupal.org/user/1011436"
                },
                {
                    "name": "aaron",
                    "homepage": "https://www.drupal.org/user/33420"
                },
                {
                    "name": "arthurf",
                    "homepage": "https://www.drupal.org/user/27259"
                },
                {
                    "name": "dsnopek",
                    "homepage": "https://www.drupal.org/user/266527"
                },
                {
                    "name": "dsutter",
                    "homepage": "https://www.drupal.org/user/3357810"
                },
                {
                    "name": "effulgentsia",
                    "homepage": "https://www.drupal.org/user/78040"
                },
                {
                    "name": "joseph.olstad",
                    "homepage": "https://www.drupal.org/user/1321830"
                },
                {
                    "name": "mpotter",
                    "homepage": "https://www.drupal.org/user/616192"
                },
                {
                    "name": "mxr576",
                    "homepage": "https://www.drupal.org/user/315522"
                },
                {
                    "name": "robeano",
                    "homepage": "https://www.drupal.org/user/67660"
                },
                {
                    "name": "slashrsm",
                    "homepage": "https://www.drupal.org/user/744628"
                }
            ],
            "description": "Extends Drupal file entities to be fieldable and viewable.",
            "homepage": "https://www.drupal.org/project/file_entity",
            "support": {
                "source": "https://git.drupalcode.org/project/file_entity"
            }
        },
        {
            "name": "drupal/jquery_update",
            "version": "2.7.0",
            "source": {
                "type": "git",
                "url": "https://git.drupalcode.org/project/jquery_update.git",
                "reference": "7.x-2.7"
            },
            "dist": {
                "type": "zip",
                "url": "https://ftp.drupal.org/files/projects/jquery_update-7.x-2.7.zip",
                "reference": "7.x-2.7",
                "shasum": "1f1e663f63a6872923f0fc9cd51510f64233bae2"
            },
            "require": {
                "drupal/drupal": "~7.0"
            },
            "type": "drupal-module",
            "extra": {
                "branch-alias": {
                    "dev-2.x": "2.x-dev"
                },
                "drupal": {
                    "version": "7.x-2.7",
                    "datestamp": "1445458536",
                    "security-coverage": {
                        "status": "covered",
                        "message": "Covered by Drupal's security advisory policy"
                    }
                }
            },
            "notification-url": "https://packages.drupal.org/7/downloads",
            "license": [
                "GPL-2.0-or-later"
            ],
            "authors": [
                {
                    "name": "RobLoach",
                    "homepage": "https://www.drupal.org/user/61114"
                },
                {
                    "name": "Victor Safronov",
                    "homepage": "https://www.drupal.org/user/632950"
                },
                {
                    "name": "ericduran",
                    "homepage": "https://www.drupal.org/user/244460"
                },
                {
                    "name": "jjeff",
                    "homepage": "https://www.drupal.org/user/17190"
                },
                {
                    "name": "markcarver",
                    "homepage": "https://www.drupal.org/user/501638"
                },
                {
                    "name": "mfer",
                    "homepage": "https://www.drupal.org/user/25701"
                },
                {
                    "name": "sun",
                    "homepage": "https://www.drupal.org/user/54136"
                },
                {
                    "name": "webchick",
                    "homepage": "https://www.drupal.org/user/24967"
                }
            ],
            "description": "Update jQuery and jQuery UI to a more recent version.",
            "homepage": "https://www.drupal.org/project/jquery_update",
            "support": {
                "source": "https://git.drupalcode.org/project/jquery_update"
            }
        },
        {
            "name": "drupal/libraries",
            "version": "2.5.0",
            "source": {
                "type": "git",
                "url": "https://git.drupalcode.org/project/libraries.git",
                "reference": "7.x-2.5"
            },
            "dist": {
                "type": "zip",
                "url": "https://ftp.drupal.org/files/projects/libraries-7.x-2.5.zip",
                "reference": "7.x-2.5",
                "shasum": "e4968b817f2f443d874a30069b764d3a7ab7d482"
            },
            "require": {
                "drupal/drupal": "^7.11"
            },
            "type": "drupal-module",
            "extra": {
                "branch-alias": {
                    "dev-2.x": "2.x-dev"
                },
                "drupal": {
                    "version": "7.x-2.5",
                    "datestamp": "1538770681",
                    "security-coverage": {
                        "status": "covered",
                        "message": "Covered by Drupal's security advisory policy"
                    }
                }
            },
            "notification-url": "https://packages.drupal.org/7/downloads",
            "license": [
                "GPL-2.0-or-later"
            ],
            "authors": [
                {
                    "name": "Pol",
                    "homepage": "https://www.drupal.org/user/47194"
                },
                {
                    "name": "joseph.olstad",
                    "homepage": "https://www.drupal.org/user/1321830"
                },
                {
                    "name": "rjacobs",
                    "homepage": "https://www.drupal.org/user/422459"
                },
                {
                    "name": "sun",
                    "homepage": "https://www.drupal.org/user/54136"
                },
                {
                    "name": "tstoeckler",
                    "homepage": "https://www.drupal.org/user/107158"
                }
            ],
            "description": "Allows version-dependent and shared usage of external libraries.",
            "homepage": "https://www.drupal.org/project/libraries",
            "support": {
                "source": "https://git.drupalcode.org/project/libraries"
            }
        },
        {
            "name": "drupal/magnific_popup",
            "version": "1.3.0",
            "source": {
                "type": "git",
                "url": "https://git.drupalcode.org/project/magnific_popup.git",
                "reference": "7.x-1.3"
            },
            "dist": {
                "type": "zip",
                "url": "https://ftp.drupal.org/files/projects/magnific_popup-7.x-1.3.zip",
                "reference": "7.x-1.3",
                "shasum": "042b1e51606b4593d33a84092a6c73f6d90af4a7"
            },
            "require": {
                "drupal/drupal": "~7.0",
                "drupal/file_entity": "*",
                "drupal/jquery_update": "*",
                "drupal/libraries": "*"
            },
            "require-dev": {
                "drupal/imagecache_actions": "*",
                "drupal/imagecache_canvasactions": "*",
                "drupal/media_youtube": "*"
            },
            "type": "drupal-module",
            "extra": {
                "branch-alias": {
                    "dev-1.x": "1.x-dev"
                },
                "drupal": {
                    "version": "7.x-1.3",
                    "datestamp": "1518540180",
                    "security-coverage": {
                        "status": "covered",
                        "message": "Covered by Drupal's security advisory policy"
                    }
                }
            },
            "notification-url": "https://packages.drupal.org/7/downloads",
            "license": [
                "GPL-2.0-or-later"
            ],
            "authors": [
                {
                    "name": "Eric115",
                    "homepage": "https://www.drupal.org/user/2877061"
                },
                {
                    "name": "LUWebDev",
                    "homepage": "https://www.drupal.org/user/1576604"
                },
                {
                    "name": "jay.dansand",
                    "homepage": "https://www.drupal.org/user/799552"
                },
                {
                    "name": "nackersa",
                    "homepage": "https://www.drupal.org/user/1558486"
                },
                {
                    "name": "willardb",
                    "homepage": "https://www.drupal.org/user/1576540"
                }
            ],
            "description": "Provides Magnific Popup formatter for File Entity and Image fields.",
            "homepage": "https://www.drupal.org/project/magnific_popup",
            "support": {
                "source": "https://git.drupalcode.org/project/magnific_popup"
            }
        }
    ],
    "packages-dev": [],
    "aliases": [],
    "minimum-stability": "stable",
    "stability-flags": [],
    "prefer-stable": false,
    "prefer-lowest": false,
    "platform": [],
    "platform-dev": []
}
